
Microsoft Visual Studio Solution File, Format Version 12.00
# Visual Studio Version 17
VisualStudioVersion = 17.3.32811.315
MinimumVisualStudioVersion = 10.0.40219.1
Project("{FAE04EC0-301F-11D3-BF4B-00C04F79EFBC}") = "Inlämningsuppgift5.4", "Inlämningsuppgift5.4\Inlämningsuppgift5.4.csproj", "{35543150-A5AB-49B5-BFED-6745ED00D12A}"
EndProject
Global
	GlobalSection(SolutionConfigurationPlatforms) = preSolution
		Debug|Any CPU = Debug|Any CPU
		Release|Any CPU = Release|Any CPU
	EndGlobalSection
	GlobalSection(ProjectConfigurationPlatforms) = postSolution
		{35543150-A5AB-49B5-BFED-6745ED00D12A}.Debug|Any CPU.ActiveCfg = Debug|Any CPU
		{35543150-A5AB-49B5-BFED-6745ED00D12A}.Debug|Any CPU.Build.0 = Debug|Any CPU
		{35543150-A5AB-49B5-BFED-6745ED00D12A}.Release|Any CPU.ActiveCfg = Release|Any CPU
		{35543150-A5AB-49B5-BFED-6745ED00D12A}.Release|Any CPU.Build.0 = Release|Any CPU
	EndGlobalSection
	GlobalSection(SolutionProperties) = preSolution
		HideSolutionNode = FALSE
	EndGlobalSection
	GlobalSection(ExtensibilityGlobals) = postSolution
		SolutionGuid = {99507083-E5EE-463B-8CF6-089223D3E378}
	EndGlobalSection
EndGlobal
